
Microsoft Visual Studio Solution File, Format Version 12.00
Project("{FAE04EC0-301F-11D3-BF4B-00C04F79EFBC}") = "tic-tac-toe", "tic-tac-toe\tic-tac-toe.csproj", "{09F807F1-B3A0-4FCE-98C9-F5E3F9772DC8}"
EndProject
Global
	GlobalSection(SolutionConfigurationPlatforms) = preSolution
		Debug|Any CPU = Debug|Any CPU
		Release|Any CPU = Release|Any CPU
	EndGlobalSection
	GlobalSection(ProjectConfigurationPlatforms) = postSolution
		{09F807F1-B3A0-4FCE-98C9-F5E3F9772DC8}.Debug|Any CPU.ActiveCfg = Debug|Any CPU
		{09F807F1-B3A0-4FCE-98C9-F5E3F9772DC8}.Debug|Any CPU.Build.0 = Debug|Any CPU
		{09F807F1-B3A0-4FCE-98C9-F5E3F9772DC8}.Release|Any CPU.ActiveCfg = Release|Any CPU
		{09F807F1-B3A0-4FCE-98C9-F5E3F9772DC8}.Release|Any CPU.Build.0 = Release|Any CPU
	EndGlobalSection
EndGlobal
